
Microsoft Visual Studio Solution File, Format Version 12.00
# Visual Studio Version 17
VisualStudioVersion = 17.8.34322.80
MinimumVisualStudioVersion = 10.0.40219.1
Project("{888888A0-9F3D-457C-B088-3A5042F75D52}") = "PyhtonGame", "PyhtonGame\PyhtonGame.pyproj", "{666A80A4-50C3-42EF-AABB-16ABD28133EE}"
EndProject
Global
	GlobalSection(SolutionConfigurationPlatforms) = preSolution
		Debug|Any CPU = Debug|Any CPU
		Release|Any CPU = Release|Any CPU
	EndGlobalSection
	GlobalSection(ProjectConfigurationPlatforms) = postSolution
		{666A80A4-50C3-42EF-AABB-16ABD28133EE}.Debug|Any CPU.ActiveCfg = Debug|Any CPU
		{666A80A4-50C3-42EF-AABB-16ABD28133EE}.Release|Any CPU.ActiveCfg = Release|Any CPU
	EndGlobalSection
	GlobalSection(SolutionProperties) = preSolution
		HideSolutionNode = FALSE
	EndGlobalSection
	GlobalSection(ExtensibilityGlobals) = postSolution
		SolutionGuid = {50BE3605-B240-489F-8E49-880CE6FE01D4}
	EndGlobalSection
EndGlobal
